# THIS IS AN AUTOGENERATED FILE. DO NOT EDIT THIS FILE DIRECTLY.
# yarn lockfile v1


"@fast-csv/format@4.3.1":
  version "4.3.1"
  resolved "https://registry.npm.taobao.org/@fast-csv/format/download/@fast-csv/format-4.3.1.tgz#e550731487002e0d1bac13422dd8506cdfd60f50"
  integrity sha1-5VBzFIcALg0brBNCLdhQbN/WD1A=
  dependencies:
    lodash.escaperegexp "^4.1.2"
    lodash.isboolean "^3.0.3"
    lodash.isequal "^4.5.0"
    lodash.isfunction "^3.0.9"
    lodash.isnil "^4.0.0"

"@fast-csv/parse@4.3.2":
  version "4.3.2"
  resolved "https://registry.npm.taobao.org/@fast-csv/parse/download/@fast-csv/parse-4.3.2.tgz?cache=0&sync_timestamp=1599018690720&other_urls=https%3A%2F%2Fregistry.npm.taobao.org%2F%40fast-csv%2Fparse%2Fdownload%2F%40fast-csv%2Fparse-4.3.2.tgz#55caaee17431b9ba655c0aef7b453305e7b5039d"
  integrity sha1-Vcqu4XQxubplXArve0UzBee1A50=
  dependencies:
    lodash.escaperegexp "^4.1.2"
    lodash.groupby "^4.6.0"
    lodash.isfunction "^3.0.9"
    lodash.isnil "^4.0.0"
    lodash.isundefined "^3.0.1"
    lodash.uniq "^4.5.0"

"@types/geojson@^1.0.0":
  version "1.0.6"
  resolved "https://registry.npm.taobao.org/@types/geojson/download/@types/geojson-1.0.6.tgz#3e02972728c69248c2af08d60a48cbb8680fffdf"
  integrity sha1-PgKXJyjGkkjCrwjWCkjLuGgP/98=

"@types/geojson@^7946.0.0 || ^1.0.0":
  version "7946.0.7"
  resolved "https://registry.npm.taobao.org/@types/geojson/download/@types/geojson-7946.0.7.tgz#c8fa532b60a0042219cdf173ca21a975ef0666ad"
  integrity sha1-yPpTK2CgBCIZzfFzyiGpde8GZq0=

"@types/node@^14.0.1":
  version "14.6.4"
  resolved "https://registry.npm.taobao.org/@types/node/download/@types/node-14.6.4.tgz?cache=0&sync_timestamp=1599169675410&other_urls=https%3A%2F%2Fregistry.npm.taobao.org%2F%40types%2Fnode%2Fdownload%2F%40types%2Fnode-14.6.4.tgz#a145cc0bb14ef9c4777361b7bbafa5cf8e3acb5a"
  integrity sha1-oUXMC7FO+cR3c2G3u6+lz446y1o=

abbrev@1:
  version "1.1.1"
  resolved "https://registry.npm.taobao.org/abbrev/download/abbrev-1.1.1.tgz#f8f2c887ad10bf67f634f005b6987fed3179aac8"
  integrity sha1-+PLIh60Qv2f2NPAFtph/7TF5qsg=

archiver-utils@^2.1.0:
  version "2.1.0"
  resolved "https://registry.npm.taobao.org/archiver-utils/download/archiver-utils-2.1.0.tgz#e8a460e94b693c3e3da182a098ca6285ba9249e2"
  integrity sha1-6KRg6UtpPD49oYKgmMpihbqSSeI=
  dependencies:
    glob "^7.1.4"
    graceful-fs "^4.2.0"
    lazystream "^1.0.0"
    lodash.defaults "^4.2.0"
    lodash.difference "^4.5.0"
    lodash.flatten "^4.4.0"
    lodash.isplainobject "^4.0.6"
    lodash.union "^4.6.0"
    normalize-path "^3.0.0"
    readable-stream "^2.0.0"

archiver@^4.0.1:
  version "4.0.2"
  resolved "https://registry.npm.taobao.org/archiver/download/archiver-4.0.2.tgz#43c72865eadb4ddaaa2fb74852527b6a450d927c"
  integrity sha1-Q8coZerbTdqqL7dIUlJ7akUNknw=
  dependencies:
    archiver-utils "^2.1.0"
    async "^3.2.0"
    buffer-crc32 "^0.2.1"
    glob "^7.1.6"
    readable-stream "^3.6.0"
    tar-stream "^2.1.2"
    zip-stream "^3.0.1"

async-magic@^1.3.0:
  version "1.3.0"
  resolved "https://registry.npm.taobao.org/async-magic/download/async-magic-1.3.0.tgz#00d34f27200023573a411c5ded17dd38d22887b5"
  integrity sha1-ANNPJyAAI1c6QRxd7RfdONIoh7U=

async@^3.2.0:
  version "3.2.0"
  resolved "https://registry.npm.taobao.org/async/download/async-3.2.0.tgz#b3a2685c5ebb641d3de02d161002c60fc9f85720"
  integrity sha1-s6JoXF67ZB094C0WEALGD8n4VyA=

balanced-match@^1.0.0:
  version "1.0.0"
  resolved "https://registry.npm.taobao.org/balanced-match/download/balanced-match-1.0.0.tgz#89b4d199ab2bee49de164ea02b89ce462d71b767"
  integrity sha1-ibTRmasr7kneFk6gK4nORi1xt2c=

base64-js@^1.0.2:
  version "1.3.1"
  resolved "https://registry.npm.taobao.org/base64-js/download/base64-js-1.3.1.tgz#58ece8cb75dd07e71ed08c736abc5fac4dbf8df1"
  integrity sha1-WOzoy3XdB+ce0IxzarxfrE2/jfE=

big-integer@^1.6.17:
  version "1.6.48"
  resolved "https://registry.npm.taobao.org/big-integer/download/big-integer-1.6.48.tgz#8fd88bd1632cba4a1c8c3e3d7159f08bb95b4b9e"
  integrity sha1-j9iL0WMsukocjD49cVnwi7lbS54=

bignumber.js@9.0.0:
  version "9.0.0"
  resolved "https://registry.npm.taobao.org/bignumber.js/download/bignumber.js-9.0.0.tgz#805880f84a329b5eac6e7cb6f8274b6d82bdf075"
  integrity sha1-gFiA+Eoym16sbny2+CdLbYK98HU=

binary@~0.3.0:
  version "0.3.0"
  resolved "https://registry.npm.taobao.org/binary/download/binary-0.3.0.tgz#9f60553bc5ce8c3386f3b553cff47462adecaa79"
  integrity sha1-n2BVO8XOjDOG87VTz/R0Yq3sqnk=
  dependencies:
    buffers "~0.1.1"
    chainsaw "~0.1.0"

bl@^4.0.1:
  version "4.0.3"
  resolved "https://registry.npm.taobao.org/bl/download/bl-4.0.3.tgz?cache=0&sync_timestamp=1599194096787&other_urls=https%3A%2F%2Fregistry.npm.taobao.org%2Fbl%2Fdownload%2Fbl-4.0.3.tgz#12d6287adc29080e22a705e5764b2a9522cdc489"
  integrity sha1-EtYoetwpCA4ipwXldksqlSLNxIk=
  dependencies:
    buffer "^5.5.0"
    inherits "^2.0.4"
    readable-stream "^3.4.0"

bluebird@^3.3.4, bluebird@^3.4.6, bluebird@^3.5.1:
  version "3.7.2"
  resolved "https://registry.npm.taobao.org/bluebird/download/bluebird-3.7.2.tgz?cache=0&other_urls=https%3A%2F%2Fregistry.npm.taobao.org%2Fbluebird%2Fdownload%2Fbluebird-3.7.2.tgz#9f229c15be272454ffa973ace0dbee79a1b0c36f"
  integrity sha1-nyKcFb4nJFT/qXOs4NvueaGww28=

bluebird@~3.4.1:
  version "3.4.7"
  resolved "https://registry.npm.taobao.org/bluebird/download/bluebird-3.4.7.tgz?cache=0&sync_timestamp=1594334909881&other_urls=https%3A%2F%2Fregistry.npm.taobao.org%2Fbluebird%2Fdownload%2Fbluebird-3.4.7.tgz#f72d760be09b7f76d08ed8fae98b289a8d05fab3"
  integrity sha1-9y12C+Cbf3bQjtj66Ysomo0F+rM=

brace-expansion@^1.1.7:
  version "1.1.11"
  resolved "https://registry.npm.taobao.org/brace-expansion/download/brace-expansion-1.1.11.tgz#3c7fcbf529d87226f3d2f52b966ff5271eb441dd"
  integrity sha1-PH/L9SnYcibz0vUrlm/1Jx60Qd0=
  dependencies:
    balanced-match "^1.0.0"
    concat-map "0.0.1"

buffer-crc32@^0.2.1, buffer-crc32@^0.2.13:
  version "0.2.13"
  resolved "https://registry.npm.taobao.org/buffer-crc32/download/buffer-crc32-0.2.13.tgz#0d333e3f00eac50aa1454abd30ef8c2a5d9a7242"
  integrity sha1-DTM+PwDqxQqhRUq9MO+MKl2ackI=

buffer-indexof-polyfill@~1.0.0:
  version "1.0.1"
  resolved "https://registry.npm.taobao.org/buffer-indexof-polyfill/download/buffer-indexof-polyfill-1.0.1.tgz#a9fb806ce8145d5428510ce72f278bb363a638bf"
  integrity sha1-qfuAbOgUXVQoUQznLyeLs2OmOL8=

buffer@^5.1.0, buffer@^5.5.0:
  version "5.6.0"
  resolved "https://registry.npm.taobao.org/buffer/download/buffer-5.6.0.tgz#a31749dc7d81d84db08abf937b6b8c4033f62786"
  integrity sha1-oxdJ3H2B2E2wir+Te2uMQDP2J4Y=
  dependencies:
    base64-js "^1.0.2"
    ieee754 "^1.1.4"

buffers@~0.1.1:
  version "0.1.1"
  resolved "https://registry.npm.taobao.org/buffers/download/buffers-0.1.1.tgz#b24579c3bed4d6d396aeee6d9a8ae7f5482ab7bb"
  integrity sha1-skV5w77U1tOWru5tmorn9Ugqt7s=

chainsaw@~0.1.0:
  version "0.1.0"
  resolved "https://registry.npm.taobao.org/chainsaw/download/chainsaw-0.1.0.tgz#5eab50b28afe58074d0d58291388828b5e5fbc98"
  integrity sha1-XqtQsor+WAdNDVgpE4iCi15fvJg=
  dependencies:
    traverse ">=0.3.0 <0.4"

commander@^2.19.0:
  version "2.20.3"
  resolved "https://registry.npm.taobao.org/commander/download/commander-2.20.3.tgz?cache=0&sync_timestamp=1595168224685&other_urls=https%3A%2F%2Fregistry.npm.taobao.org%2Fcommander%2Fdownload%2Fcommander-2.20.3.tgz#fd485e84c03eb4881c20722ba48035e8531aeb33"
  integrity sha1-/UhehMA+tIgcIHIrpIA16FMa6zM=

compress-commons@^3.0.0:
  version "3.0.0"
  resolved "https://registry.npm.taobao.org/compress-commons/download/compress-commons-3.0.0.tgz#833944d84596e537224dd91cf92f5246823d4f1d"
  integrity sha1-gzlE2EWW5TciTdkc+S9SRoI9Tx0=
  dependencies:
    buffer-crc32 "^0.2.13"
    crc32-stream "^3.0.1"
    normalize-path "^3.0.0"
    readable-stream "^2.3.7"

concat-map@0.0.1:
  version "0.0.1"
  resolved "https://registry.npm.taobao.org/concat-map/download/concat-map-0.0.1.tgz#d8a96bd77fd68df7793a73036a3ba0d5405d477b"
  integrity sha1-2Klr13/Wjfd5OnMDajug1UBdR3s=

config-chain@^1.1.12:
  version "1.1.12"
  resolved "https://registry.npm.taobao.org/config-chain/download/config-chain-1.1.12.tgz#0fde8d091200eb5e808caf25fe618c02f48e4efa"
  integrity sha1-D96NCRIA616AjK8l/mGMAvSOTvo=
  dependencies:
    ini "^1.3.4"
    proto-list "~1.2.1"

core-util-is@^1.0.2, core-util-is@~1.0.0:
  version "1.0.2"
  resolved "https://registry.npm.taobao.org/core-util-is/download/core-util-is-1.0.2.tgz#b5fd54220aa2bc5ab57aab7140c940754503c1a7"
  integrity sha1-tf1UIgqivFq1eqtxQMlAdUUDwac=

crc32-stream@^3.0.1:
  version "3.0.1"
  resolved "https://registry.npm.taobao.org/crc32-stream/download/crc32-stream-3.0.1.tgz?cache=0&sync_timestamp=1595112075930&other_urls=https%3A%2F%2Fregistry.npm.taobao.org%2Fcrc32-stream%2Fdownload%2Fcrc32-stream-3.0.1.tgz#cae6eeed003b0e44d739d279de5ae63b171b4e85"
  integrity sha1-yubu7QA7DkTXOdJ53lrmOxcbToU=
  dependencies:
    crc "^3.4.4"
    readable-stream "^3.4.0"

crc@^3.4.4:
  version "3.8.0"
  resolved "https://registry.npm.taobao.org/crc/download/crc-3.8.0.tgz#ad60269c2c856f8c299e2c4cc0de4556914056c6"
  integrity sha1-rWAmnCyFb4wpnixMwN5FVpFAVsY=
  dependencies:
    buffer "^5.1.0"

dayjs@^1.8.26:
  version "1.8.35"
  resolved "https://registry.npm.taobao.org/dayjs/download/dayjs-1.8.35.tgz?cache=0&sync_timestamp=1599050669977&other_urls=https%3A%2F%2Fregistry.npm.taobao.org%2Fdayjs%2Fdownload%2Fdayjs-1.8.35.tgz#67118378f15d31623f3ee2992f5244b887606888"
  integrity sha1-ZxGDePFdMWI/PuKZL1JEuIdgaIg=

debug@^2.6.9:
  version "2.6.9"
  resolved "https://registry.npm.taobao.org/debug/download/debug-2.6.9.tgz?cache=0&sync_timestamp=1589881689076&other_urls=https%3A%2F%2Fregistry.npm.taobao.org%2Fdebug%2Fdownload%2Fdebug-2.6.9.tgz#5d128515df134ff327e90a4c93f4e077a536341f"
  integrity sha1-XRKFFd8TT/Mn6QpMk/Tgd6U2NB8=
  dependencies:
    ms "2.0.0"

debug@^3.1.0:
  version "3.2.6"
  resolved "https://registry.npm.taobao.org/debug/download/debug-3.2.6.tgz#e83d17de16d8a7efb7717edbe5fb10135eee629b"
  integrity sha1-6D0X3hbYp++3cX7b5fsQE17uYps=
  dependencies:
    ms "^2.1.1"

depd@^1.1.0:
  version "1.1.2"
  resolved "https://registry.npm.taobao.org/depd/download/depd-1.1.2.tgz#9bcd52e14c097763e749b274c4346ed2e560b5a9"
  integrity sha1-m81S4UwJd2PnSbJ0xDRu0uVgtak=

dottie@^1.0.0:
  version "1.1.1"
  resolved "https://registry.npm.taobao.org/dottie/download/dottie-1.1.1.tgz?cache=0&sync_timestamp=1575367756665&other_urls=https%3A%2F%2Fregistry.npm.taobao.org%2Fdottie%2Fdownload%2Fdottie-1.1.1.tgz#45c2a3f48bd6528eeed267a69a848eaaca6faa6a"
  integrity sha1-RcKj9IvWUo7u0memmoSOqspvqmo=

duplexer2@~0.1.4:
  version "0.1.4"
  resolved "https://registry.npm.taobao.org/duplexer2/download/duplexer2-0.1.4.tgz?cache=0&sync_timestamp=1589682724274&other_urls=https%3A%2F%2Fregistry.npm.taobao.org%2Fduplexer2%2Fdownload%2Fduplexer2-0.1.4.tgz#8b12dab878c0d69e3e7891051662a32fc6bddcc1"
  integrity sha1-ixLauHjA1p4+eJEFFmKjL8a93ME=
  dependencies:
    readable-stream "^2.0.2"

editorconfig@^0.15.3:
  version "0.15.3"
  resolved "https://registry.npm.taobao.org/editorconfig/download/editorconfig-0.15.3.tgz#bef84c4e75fb8dcb0ce5cee8efd51c15999befc5"
  integrity sha1-vvhMTnX7jcsM5c7o79UcFZmb78U=
  dependencies:
    commander "^2.19.0"
    lru-cache "^4.1.5"
    semver "^5.6.0"
    sigmund "^1.0.1"

end-of-stream@^1.4.1:
  version "1.4.4"
  resolved "https://registry.npm.taobao.org/end-of-stream/download/end-of-stream-1.4.4.tgz#5ae64a5f45057baf3626ec14da0ca5e4b2431eb0"
  integrity sha1-WuZKX0UFe682JuwU2gyl5LJDHrA=
  dependencies:
    once "^1.4.0"

exceljs@3:
  version "3.10.0"
  resolved "https://registry.npm.taobao.org/exceljs/download/exceljs-3.10.0.tgz#0660f4a39573941d3b7c8093d74ab1670146cc32"
  integrity sha1-BmD0o5VzlB07fICT10qxZwFGzDI=
  dependencies:
    archiver "^4.0.1"
    dayjs "^1.8.26"
    fast-csv "^4.1.2"
    jszip "^3.4.0"
    proxyquire "^2.1.3"
    readable-stream "^3.6.0"
    saxes "^5.0.1"
    tmp "^0.2.0"
    unzipper "^0.10.11"
    uuid "^7.0.3"

fast-csv@^4.1.2:
  version "4.3.2"
  resolved "https://registry.npm.taobao.org/fast-csv/download/fast-csv-4.3.2.tgz?cache=0&sync_timestamp=1599018462461&other_urls=https%3A%2F%2Fregistry.npm.taobao.org%2Ffast-csv%2Fdownload%2Ffast-csv-4.3.2.tgz#855e28d034310f8aae10f959bfea0a60d34540fb"
  integrity sha1-hV4o0DQxD4quEPlZv+oKYNNFQPs=
  dependencies:
    "@fast-csv/format" "4.3.1"
    "@fast-csv/parse" "4.3.2"
    "@types/node" "^14.0.1"

fill-keys@^1.0.2:
  version "1.0.2"
  resolved "https://registry.npm.taobao.org/fill-keys/download/fill-keys-1.0.2.tgz#9a8fa36f4e8ad634e3bf6b4f3c8882551452eb20"
  integrity sha1-mo+jb06K1jTjv2tPPIiCVRRS6yA=
  dependencies:
    is-object "~1.0.1"
    merge-descriptors "~1.0.0"

fs-constants@^1.0.0:
  version "1.0.0"
  resolved "https://registry.npm.taobao.org/fs-constants/download/fs-constants-1.0.0.tgz#6be0de9be998ce16af8afc24497b9ee9b7ccd9ad"
  integrity sha1-a+Dem+mYzhavivwkSXue6bfM2a0=

fs.realpath@^1.0.0:
  version "1.0.0"
  resolved "https://registry.npm.taobao.org/fs.realpath/download/fs.realpath-1.0.0.tgz#1504ad2523158caa40db4a2787cb01411994ea4f"
  integrity sha1-FQStJSMVjKpA20onh8sBQRmU6k8=

fstream@^1.0.12:
  version "1.0.12"
  resolved "https://registry.npm.taobao.org/fstream/download/fstream-1.0.12.tgz#4e8ba8ee2d48be4f7d0de505455548eae5932045"
  integrity sha1-Touo7i1Ivk99DeUFRVVI6uWTIEU=
  dependencies:
    graceful-fs "^4.1.2"
    inherits "~2.0.0"
    mkdirp ">=0.5 0"
    rimraf "2"

generic-pool@2.4.2:
  version "2.4.2"
  resolved "https://registry.npm.taobao.org/generic-pool/download/generic-pool-2.4.2.tgz#886bc5bf0beb7db96e81bcbba078818de5a62683"
  integrity sha1-iGvFvwvrfblugby7oHiBjeWmJoM=

glob@^7.1.3, glob@^7.1.4, glob@^7.1.6:
  version "7.1.6"
  resolved "https://registry.npm.taobao.org/glob/download/glob-7.1.6.tgz?cache=0&other_urls=https%3A%2F%2Fregistry.npm.taobao.org%2Fglob%2Fdownload%2Fglob-7.1.6.tgz#141f33b81a7c2492e125594307480c46679278a6"
  integrity sha1-FB8zuBp8JJLhJVlDB0gMRmeSeKY=
  dependencies:
    fs.realpath "^1.0.0"
    inflight "^1.0.4"
    inherits "2"
    minimatch "^3.0.4"
    once "^1.3.0"
    path-is-absolute "^1.0.0"

graceful-fs@^4.1.2, graceful-fs@^4.2.0, graceful-fs@^4.2.2:
  version "4.2.4"
  resolved "https://registry.npm.taobao.org/graceful-fs/download/graceful-fs-4.2.4.tgz#2256bde14d3632958c465ebc96dc467ca07a29fb"
  integrity sha1-Ila94U02MpWMRl68ltxGfKB6Kfs=

ieee754@^1.1.4:
  version "1.1.13"
  resolved "https://registry.npm.taobao.org/ieee754/download/ieee754-1.1.13.tgz?cache=0&sync_timestamp=1594334947805&other_urls=https%3A%2F%2Fregistry.npm.taobao.org%2Fieee754%2Fdownload%2Fieee754-1.1.13.tgz#ec168558e95aa181fd87d37f55c32bbcb6708b84"
  integrity sha1-7BaFWOlaoYH9h9N/VcMrvLZwi4Q=

immediate@~3.0.5:
  version "3.0.6"
  resolved "https://registry.npm.taobao.org/immediate/download/immediate-3.0.6.tgz#9db1dbd0faf8de6fbe0f5dd5e56bb606280de69b"
  integrity sha1-nbHb0Pr43m++D13V5Wu2BigN5ps=

inflection@^1.6.0:
  version "1.12.0"
  resolved "https://registry.npm.taobao.org/inflection/download/inflection-1.12.0.tgz#a200935656d6f5f6bc4dc7502e1aecb703228416"
  integrity sha1-ogCTVlbW9fa8TcdQLhrstwMihBY=

inflight@^1.0.4:
  version "1.0.6"
  resolved "https://registry.npm.taobao.org/inflight/download/inflight-1.0.6.tgz#49bd6331d7d02d0c09bc910a1075ba8165b56df9"
  integrity sha1-Sb1jMdfQLQwJvJEKEHW6gWW1bfk=
  dependencies:
    once "^1.3.0"
    wrappy "1"

inherits@2, inherits@^2.0.3, inherits@^2.0.4, inherits@~2.0.0, inherits@~2.0.3:
  version "2.0.4"
  resolved "https://registry.npm.taobao.org/inherits/download/inherits-2.0.4.tgz#0fa2c64f932917c3433a0ded55363aae37416b7c"
  integrity sha1-D6LGT5MpF8NDOg3tVTY6rjdBa3w=

ini@^1.3.4:
  version "1.3.5"
  resolved "https://registry.npm.taobao.org/ini/download/ini-1.3.5.tgz#eee25f56db1c9ec6085e0c22778083f596abf927"
  integrity sha1-7uJfVtscnsYIXgwid4CD9Zar+Sc=

is-class-hotfix@~0.0.6:
  version "0.0.6"
  resolved "https://registry.npm.taobao.org/is-class-hotfix/download/is-class-hotfix-0.0.6.tgz#a527d31fb23279281dde5f385c77b5de70a72435"
  integrity sha1-pSfTH7IyeSgd3l84XHe13nCnJDU=

is-object@~1.0.1:
  version "1.0.1"
  resolved "https://registry.npm.taobao.org/is-object/download/is-object-1.0.1.tgz#8952688c5ec2ffd6b03ecc85e769e02903083470"
  integrity sha1-iVJojF7C/9awPsyF52ngKQMINHA=

is-type-of@^1.0.0:
  version "1.2.1"
  resolved "https://registry.npm.taobao.org/is-type-of/download/is-type-of-1.2.1.tgz#e263ec3857aceb4f28c47130ec78db09a920f8c5"
  integrity sha1-4mPsOFes608oxHEw7HjbCakg+MU=
  dependencies:
    core-util-is "^1.0.2"
    is-class-hotfix "~0.0.6"
    isstream "~0.1.2"

isarray@~1.0.0:
  version "1.0.0"
  resolved "https://registry.npm.taobao.org/isarray/download/isarray-1.0.0.tgz?cache=0&sync_timestamp=1562592096220&other_urls=https%3A%2F%2Fregistry.npm.taobao.org%2Fisarray%2Fdownload%2Fisarray-1.0.0.tgz#bb935d48582cba168c06834957a54a3e07124f11"
  integrity sha1-u5NdSFgsuhaMBoNJV6VKPgcSTxE=

isstream@~0.1.2:
  version "0.1.2"
  resolved "https://registry.npm.taobao.org/isstream/download/isstream-0.1.2.tgz#47e63f7af55afa6f92e1500e690eb8b8529c099a"
  integrity sha1-R+Y/evVa+m+S4VAOaQ64uFKcCZo=

js-beautify@^1.7.5:
  version "1.11.0"
  resolved "https://registry.npm.taobao.org/js-beautify/download/js-beautify-1.11.0.tgz#afb873dc47d58986360093dcb69951e8bcd5ded2"
  integrity sha1-r7hz3EfViYY2AJPctplR6LzV3tI=
  dependencies:
    config-chain "^1.1.12"
    editorconfig "^0.15.3"
    glob "^7.1.3"
    mkdirp "~1.0.3"
    nopt "^4.0.3"

jszip@^3.4.0:
  version "3.5.0"
  resolved "https://registry.npm.taobao.org/jszip/download/jszip-3.5.0.tgz?cache=0&sync_timestamp=1592173215062&other_urls=https%3A%2F%2Fregistry.npm.taobao.org%2Fjszip%2Fdownload%2Fjszip-3.5.0.tgz#b4fd1f368245346658e781fec9675802489e15f6"
  integrity sha1-tP0fNoJFNGZY54H+yWdYAkieFfY=
  dependencies:
    lie "~3.3.0"
    pako "~1.0.2"
    readable-stream "~2.3.6"
    set-immediate-shim "~1.0.1"

koa-session-mysql@^0.1.2:
  version "0.1.2"
  resolved "https://registry.npm.taobao.org/koa-session-mysql/download/koa-session-mysql-0.1.2.tgz#40ef1f445c6f003745515817fb58b12b5829b682"
  integrity sha1-QO8fRFxvADdFUVgX+1ixK1gptoI=
  dependencies:
    koa-session "^5.8.1"
    mysql-magic "^0.3.0"

koa-session@^5.8.1:
  version "5.13.1"
  resolved "https://registry.npm.taobao.org/koa-session/download/koa-session-5.13.1.tgz#a47e39015a4b464e21e3e1e2deeca48eb83916ee"
  integrity sha1-pH45AVpLRk4h4+Hi3uykjrg5Fu4=
  dependencies:
    crc "^3.4.4"
    debug "^3.1.0"
    is-type-of "^1.0.0"
    uuid "^3.3.2"

lazystream@^1.0.0:
  version "1.0.0"
  resolved "https://registry.npm.taobao.org/lazystream/download/lazystream-1.0.0.tgz#f6995fe0f820392f61396be89462407bb77168e4"
  integrity sha1-9plf4PggOS9hOWvolGJAe7dxaOQ=
  dependencies:
    readable-stream "^2.0.5"

lie@~3.3.0:
  version "3.3.0"
  resolved "https://registry.npm.taobao.org/lie/download/lie-3.3.0.tgz#dcf82dee545f46074daf200c7c1c5a08e0f40f6a"
  integrity sha1-3Pgt7lRfRgdNryAMfBxaCOD0D2o=
  dependencies:
    immediate "~3.0.5"

listenercount@~1.0.1:
  version "1.0.1"
  resolved "https://registry.npm.taobao.org/listenercount/download/listenercount-1.0.1.tgz#84c8a72ab59c4725321480c975e6508342e70937"
  integrity sha1-hMinKrWcRyUyFIDJdeZQg0LnCTc=

lodash.defaults@^4.2.0:
  version "4.2.0"
  resolved "https://registry.npm.taobao.org/lodash.defaults/download/lodash.defaults-4.2.0.tgz#d09178716ffea4dde9e5fb7b37f6f0802274580c"
  integrity sha1-0JF4cW/+pN3p5ft7N/bwgCJ0WAw=

lodash.difference@^4.5.0:
  version "4.5.0"
  resolved "https://registry.npm.taobao.org/lodash.difference/download/lodash.difference-4.5.0.tgz#9ccb4e505d486b91651345772885a2df27fd017c"
  integrity sha1-nMtOUF1Ia5FlE0V3KIWi3yf9AXw=

lodash.escaperegexp@^4.1.2:
  version "4.1.2"
  resolved "https://registry.npm.taobao.org/lodash.escaperegexp/download/lodash.escaperegexp-4.1.2.tgz#64762c48618082518ac3df4ccf5d5886dae20347"
  integrity sha1-ZHYsSGGAglGKw99Mz11YhtriA0c=

lodash.flatten@^4.4.0:
  version "4.4.0"
  resolved "https://registry.npm.taobao.org/lodash.flatten/download/lodash.flatten-4.4.0.tgz#f31c22225a9632d2bbf8e4addbef240aa765a61f"
  integrity sha1-8xwiIlqWMtK7+OSt2+8kCqdlph8=

lodash.groupby@^4.6.0:
  version "4.6.0"
  resolved "https://registry.npm.taobao.org/lodash.groupby/download/lodash.groupby-4.6.0.tgz#0b08a1dcf68397c397855c3239783832df7403d1"
  integrity sha1-Cwih3PaDl8OXhVwyOXg4Mt90A9E=

lodash.isboolean@^3.0.3:
  version "3.0.3"
  resolved "https://registry.npm.taobao.org/lodash.isboolean/download/lodash.isboolean-3.0.3.tgz#6c2e171db2a257cd96802fd43b01b20d5f5870f6"
  integrity sha1-bC4XHbKiV82WgC/UOwGyDV9YcPY=

lodash.isequal@^4.5.0:
  version "4.5.0"
  resolved "https://registry.npm.taobao.org/lodash.isequal/download/lodash.isequal-4.5.0.tgz#415c4478f2bcc30120c22ce10ed3226f7d3e18e0"
  integrity sha1-QVxEePK8wwEgwizhDtMib30+GOA=

lodash.isfunction@^3.0.9:
  version "3.0.9"
  resolved "https://registry.npm.taobao.org/lodash.isfunction/download/lodash.isfunction-3.0.9.tgz#06de25df4db327ac931981d1bdb067e5af68d051"
  integrity sha1-Bt4l302zJ6yTGYHRvbBn5a9o0FE=

lodash.isnil@^4.0.0:
  version "4.0.0"
  resolved "https://registry.npm.taobao.org/lodash.isnil/download/lodash.isnil-4.0.0.tgz#49e28cd559013458c814c5479d3c663a21bfaa6c"
  integrity sha1-SeKM1VkBNFjIFMVHnTxmOiG/qmw=

lodash.isplainobject@^4.0.6:
  version "4.0.6"
  resolved "https://registry.npm.taobao.org/lodash.isplainobject/download/lodash.isplainobject-4.0.6.tgz#7c526a52d89b45c45cc690b88163be0497f550cb"
  integrity sha1-fFJqUtibRcRcxpC4gWO+BJf1UMs=

lodash.isundefined@^3.0.1:
  version "3.0.1"
  resolved "https://registry.npm.taobao.org/lodash.isundefined/download/lodash.isundefined-3.0.1.tgz#23ef3d9535565203a66cefd5b830f848911afb48"
  integrity sha1-I+89lTVWUgOmbO/VuDD4SJEa+0g=

lodash.union@^4.6.0:
  version "4.6.0"
  resolved "https://registry.npm.taobao.org/lodash.union/download/lodash.union-4.6.0.tgz#48bb5088409f16f1821666641c44dd1aaae3cd88"
  integrity sha1-SLtQiECfFvGCFmZkHETdGqrjzYg=

lodash.uniq@^4.5.0:
  version "4.5.0"
  resolved "https://registry.npm.taobao.org/lodash.uniq/download/lodash.uniq-4.5.0.tgz#d0225373aeb652adc1bc82e4945339a842754773"
  integrity sha1-0CJTc662Uq3BvILklFM5qEJ1R3M=

lodash@^4.17.10, lodash@^4.17.19:
  version "4.17.19"
  resolved "https://registry.npm.taobao.org/lodash/download/lodash-4.17.19.tgz?cache=0&sync_timestamp=1594226822591&other_urls=https%3A%2F%2Fregistry.npm.taobao.org%2Flodash%2Fdownload%2Flodash-4.17.19.tgz#e48ddedbe30b3321783c5b4301fbd353bc1e4a4b"
  integrity sha1-5I3e2+MLMyF4PFtDAfvTU7weSks=

lru-cache@^4.1.5:
  version "4.1.5"
  resolved "https://registry.npm.taobao.org/lru-cache/download/lru-cache-4.1.5.tgz?cache=0&sync_timestamp=1594427784855&other_urls=https%3A%2F%2Fregistry.npm.taobao.org%2Flru-cache%2Fdownload%2Flru-cache-4.1.5.tgz#8bbe50ea85bed59bc9e33dcab8235ee9bcf443cd"
  integrity sha1-i75Q6oW+1ZvJ4z3KuCNe6bz0Q80=
  dependencies:
    pseudomap "^1.0.2"
    yallist "^2.1.2"

merge-descriptors@~1.0.0:
  version "1.0.1"
  resolved "https://registry.npm.taobao.org/merge-descriptors/download/merge-descriptors-1.0.1.tgz#b00aaa556dd8b44568150ec9d1b953f3f90cbb61"
  integrity sha1-sAqqVW3YtEVoFQ7J0blT8/kMu2E=

minimatch@^3.0.4:
  version "3.0.4"
  resolved "https://registry.npm.taobao.org/minimatch/download/minimatch-3.0.4.tgz#5166e286457f03306064be5497e8dbb0c3d32083"
  integrity sha1-UWbihkV/AzBgZL5Ul+jbsMPTIIM=
  dependencies:
    brace-expansion "^1.1.7"

minimist@^1.2.5:
  version "1.2.5"
  resolved "https://registry.npm.taobao.org/minimist/download/minimist-1.2.5.tgz#67d66014b66a6a8aaa0c083c5fd58df4e4e97602"
  integrity sha1-Z9ZgFLZqaoqqDAg8X9WN9OTpdgI=

"mkdirp@>=0.5 0":
  version "0.5.5"
  resolved "https://registry.npm.taobao.org/mkdirp/download/mkdirp-0.5.5.tgz#d91cefd62d1436ca0f41620e251288d420099def"
  integrity sha1-2Rzv1i0UNsoPQWIOJRKI1CAJne8=
  dependencies:
    minimist "^1.2.5"

mkdirp@~1.0.3:
  version "1.0.4"
  resolved "https://registry.npm.taobao.org/mkdirp/download/mkdirp-1.0.4.tgz#3eb5ed62622756d79a5f0e2a221dfebad75c2f7e"
  integrity sha1-PrXtYmInVteaXw4qIh3+utdcL34=

module-not-found-error@^1.0.1:
  version "1.0.1"
  resolved "https://registry.npm.taobao.org/module-not-found-error/download/module-not-found-error-1.0.1.tgz#cf8b4ff4f29640674d6cdd02b0e3bc523c2bbdc0"
  integrity sha1-z4tP9PKWQGdNbN0CsOO8UjwrvcA=

moment-timezone@^0.5.4:
  version "0.5.31"
  resolved "https://registry.npm.taobao.org/moment-timezone/download/moment-timezone-0.5.31.tgz?cache=0&sync_timestamp=1589720194300&other_urls=https%3A%2F%2Fregistry.npm.taobao.org%2Fmoment-timezone%2Fdownload%2Fmoment-timezone-0.5.31.tgz#9c40d8c5026f0c7ab46eda3d63e49c155148de05"
  integrity sha1-nEDYxQJvDHq0bto9Y+ScFVFI3gU=
  dependencies:
    moment ">= 2.9.0"

"moment@>= 2.9.0", moment@^2.13.0, moment@^2.29.2:
  version "2.29.2"
  resolved "https://registry.yarnpkg.com/moment/-/moment-2.29.2.tgz#00910c60b20843bcba52d37d58c628b47b1f20e4"
  integrity sha512-UgzG4rvxYpN15jgCmVJwac49h9ly9NurikMWGPdVxm8GZD6XjkKPxDTjQQ43gtGgnV3X0cAyWDdP2Wexoquifg==

ms@2.0.0:
  version "2.0.0"
  resolved "https://registry.npm.taobao.org/ms/download/ms-2.0.0.tgz#5608aeadfc00be6c2901df5f9861788de0d597c8"
  integrity sha1-VgiurfwAvmwpAd9fmGF4jeDVl8g=

ms@^2.1.1:
  version "2.1.2"
  resolved "https://registry.npm.taobao.org/ms/download/ms-2.1.2.tgz#d09d1f357b443f493382a8eb3ccd183872ae6009"
  integrity sha1-0J0fNXtEP0kzgqjrPM0YOHKuYAk=

mysql-magic@^0.3.0:
  version "0.3.0"
  resolved "https://registry.npm.taobao.org/mysql-magic/download/mysql-magic-0.3.0.tgz#5ce08be7dede31b50e3c2c992a1a6eb786b102f5"
  integrity sha1-XOCL597eMbUOPCyZKhput4axAvU=
  dependencies:
    async-magic "^1.3.0"
    mysql "^2.13.0"

mysql@^2.13.0, mysql@^2.15.0:
  version "2.18.1"
  resolved "https://registry.npm.taobao.org/mysql/download/mysql-2.18.1.tgz#2254143855c5a8c73825e4522baf2ea021766717"
  integrity sha1-IlQUOFXFqMc4JeRSK68uoCF2Zxc=
  dependencies:
    bignumber.js "9.0.0"
    readable-stream "2.3.7"
    safe-buffer "5.1.2"
    sqlstring "2.3.1"

nopt@^4.0.3:
  version "4.0.3"
  resolved "https://registry.npm.taobao.org/nopt/download/nopt-4.0.3.tgz#a375cad9d02fd921278d954c2254d5aa57e15e48"
  integrity sha1-o3XK2dAv2SEnjZVMIlTVqlfhXkg=
  dependencies:
    abbrev "1"
    osenv "^0.1.4"

normalize-path@^3.0.0:
  version "3.0.0"
  resolved "https://registry.npm.taobao.org/normalize-path/download/normalize-path-3.0.0.tgz#0dcd69ff23a1c9b11fd0978316644a0388216a65"
  integrity sha1-Dc1p/yOhybEf0JeDFmRKA4ghamU=

once@^1.3.0, once@^1.4.0:
  version "1.4.0"
  resolved "https://registry.npm.taobao.org/once/download/once-1.4.0.tgz#583b1aa775961d4b113ac17d9c50baef9dd76bd1"
  integrity sha1-WDsap3WWHUsROsF9nFC6753Xa9E=
  dependencies:
    wrappy "1"

os-homedir@^1.0.0:
  version "1.0.2"
  resolved "https://registry.npm.taobao.org/os-homedir/download/os-homedir-1.0.2.tgz#ffbc4988336e0e833de0c168c7ef152121aa7fb3"
  integrity sha1-/7xJiDNuDoM94MFox+8VISGqf7M=

os-tmpdir@^1.0.0:
  version "1.0.2"
  resolved "https://registry.npm.taobao.org/os-tmpdir/download/os-tmpdir-1.0.2.tgz#bbe67406c79aa85c5cfec766fe5734555dfa1274"
  integrity sha1-u+Z0BseaqFxc/sdm/lc0VV36EnQ=

osenv@^0.1.4:
  version "0.1.5"
  resolved "https://registry.npm.taobao.org/osenv/download/osenv-0.1.5.tgz#85cdfafaeb28e8677f416e287592b5f3f49ea410"
  integrity sha1-hc36+uso6Gd/QW4odZK18/SepBA=
  dependencies:
    os-homedir "^1.0.0"
    os-tmpdir "^1.0.0"

pako@~1.0.2:
  version "1.0.11"
  resolved "https://registry.npm.taobao.org/pako/download/pako-1.0.11.tgz#6c9599d340d54dfd3946380252a35705a6b992bf"
  integrity sha1-bJWZ00DVTf05RjgCUqNXBaa5kr8=

path-is-absolute@^1.0.0:
  version "1.0.1"
  resolved "https://registry.npm.taobao.org/path-is-absolute/download/path-is-absolute-1.0.1.tgz#174b9268735534ffbc7ace6bf53a5a9e1b5c5f5f"
  integrity sha1-F0uSaHNVNP+8es5r9TpanhtcX18=

path-parse@^1.0.6:
  version "1.0.6"
  resolved "https://registry.npm.taobao.org/path-parse/download/path-parse-1.0.6.tgz#d62dbb5679405d72c4737ec58600e9ddcf06d24c"
  integrity sha1-1i27VnlAXXLEc37FhgDp3c8G0kw=

prettier@^1.11.1:
  version "1.19.1"
  resolved "https://registry.npm.taobao.org/prettier/download/prettier-1.19.1.tgz#f7d7f5ff8a9cd872a7be4ca142095956a60797cb"
  integrity sha1-99f1/4qc2HKnvkyhQglZVqYHl8s=

process-nextick-args@~2.0.0:
  version "2.0.1"
  resolved "https://registry.npm.taobao.org/process-nextick-args/download/process-nextick-args-2.0.1.tgz#7820d9b16120cc55ca9ae7792680ae7dba6d7fe2"
  integrity sha1-eCDZsWEgzFXKmud5JoCufbptf+I=

proto-list@~1.2.1:
  version "1.2.4"
  resolved "https://registry.npm.taobao.org/proto-list/download/proto-list-1.2.4.tgz#212d5bfe1318306a420f6402b8e26ff39647a849"
  integrity sha1-IS1b/hMYMGpCD2QCuOJv85ZHqEk=

province-city-china@^6.0.3:
  version "6.0.3"
  resolved "https://registry.npm.taobao.org/province-city-china/download/province-city-china-6.0.3.tgz#b7db87ccaee846aa7e400021f769144111e22d5c"
  integrity sha1-t9uHzK7oRqp+QAAh92kUQRHiLVw=

proxyquire@^2.1.3:
  version "2.1.3"
  resolved "https://registry.npm.taobao.org/proxyquire/download/proxyquire-2.1.3.tgz#2049a7eefa10a9a953346a18e54aab2b4268df39"
  integrity sha1-IEmn7voQqalTNGoY5UqrK0Jo3zk=
  dependencies:
    fill-keys "^1.0.2"
    module-not-found-error "^1.0.1"
    resolve "^1.11.1"

pseudomap@^1.0.2:
  version "1.0.2"
  resolved "https://registry.npm.taobao.org/pseudomap/download/pseudomap-1.0.2.tgz#f052a28da70e618917ef0a8ac34c1ae5a68286b3"
  integrity sha1-8FKijacOYYkX7wqKw0wa5aaChrM=

readable-stream@2.3.7, readable-stream@^2.0.0, readable-stream@^2.0.2, readable-stream@^2.0.5, readable-stream@^2.3.7, readable-stream@~2.3.6:
  version "2.3.7"
  resolved "https://registry.npm.taobao.org/readable-stream/download/readable-stream-2.3.7.tgz?cache=0&sync_timestamp=1581623021561&other_urls=https%3A%2F%2Fregistry.npm.taobao.org%2Freadable-stream%2Fdownload%2Freadable-stream-2.3.7.tgz#1eca1cf711aef814c04f62252a36a62f6cb23b57"
  integrity sha1-Hsoc9xGu+BTAT2IlKjamL2yyO1c=
  dependencies:
    core-util-is "~1.0.0"
    inherits "~2.0.3"
    isarray "~1.0.0"
    process-nextick-args "~2.0.0"
    safe-buffer "~5.1.1"
    string_decoder "~1.1.1"
    util-deprecate "~1.0.1"

readable-stream@^3.1.1, readable-stream@^3.4.0, readable-stream@^3.6.0:
  version "3.6.0"
  resolved "https://registry.npm.taobao.org/readable-stream/download/readable-stream-3.6.0.tgz#337bbda3adc0706bd3e024426a286d4b4b2c9198"
  integrity sha1-M3u9o63AcGvT4CRCaihtS0sskZg=
  dependencies:
    inherits "^2.0.3"
    string_decoder "^1.1.1"
    util-deprecate "^1.0.1"

resolve@^1.11.1:
  version "1.17.0"
  resolved "https://registry.npm.taobao.org/resolve/download/resolve-1.17.0.tgz#b25941b54968231cc2d1bb76a79cb7f2c0bf8444"
  integrity sha1-sllBtUloIxzC0bt2p5y38sC/hEQ=
  dependencies:
    path-parse "^1.0.6"

retry-as-promised@^2.0.0:
  version "2.3.2"
  resolved "https://registry.npm.taobao.org/retry-as-promised/download/retry-as-promised-2.3.2.tgz#cd974ee4fd9b5fe03cbf31871ee48221c07737b7"
  integrity sha1-zZdO5P2bX+A8vzGHHuSCIcB3N7c=
  dependencies:
    bluebird "^3.4.6"
    debug "^2.6.9"

rimraf@2:
  version "2.7.1"
  resolved "https://registry.npm.taobao.org/rimraf/download/rimraf-2.7.1.tgz#35797f13a7fdadc566142c29d4f07ccad483e3ec"
  integrity sha1-NXl/E6f9rcVmFCwp1PB8ytSD4+w=
  dependencies:
    glob "^7.1.3"

rimraf@^3.0.0:
  version "3.0.2"
  resolved "https://registry.npm.taobao.org/rimraf/download/rimraf-3.0.2.tgz#f1a5402ba6220ad52cc1282bac1ae3aa49fd061a"
  integrity sha1-8aVAK6YiCtUswSgrrBrjqkn9Bho=
  dependencies:
    glob "^7.1.3"

safe-buffer@5.1.2, safe-buffer@~5.1.0, safe-buffer@~5.1.1:
  version "5.1.2"
  resolved "https://registry.npm.taobao.org/safe-buffer/download/safe-buffer-5.1.2.tgz#991ec69d296e0313747d59bdfd2b745c35f8828d"
  integrity sha1-mR7GnSluAxN0fVm9/St0XDX4go0=

safe-buffer@~5.2.0:
  version "5.2.1"
  resolved "https://registry.npm.taobao.org/safe-buffer/download/safe-buffer-5.2.1.tgz#1eaf9fa9bdb1fdd4ec75f58f9cdb4e6b7827eec6"
  integrity sha1-Hq+fqb2x/dTsdfWPnNtOa3gn7sY=

saxes@^5.0.1:
  version "5.0.1"
  resolved "https://registry.npm.taobao.org/saxes/download/saxes-5.0.1.tgz#eebab953fa3b7608dbe94e5dadb15c888fa6696d"
  integrity sha1-7rq5U/o7dgjb6U5drbFciI+maW0=
  dependencies:
    xmlchars "^2.2.0"

semver@^5.0.1, semver@^5.6.0:
  version "5.7.1"
  resolved "https://registry.npm.taobao.org/semver/download/semver-5.7.1.tgz?cache=0&sync_timestamp=1586886660126&other_urls=https%3A%2F%2Fregistry.npm.taobao.org%2Fsemver%2Fdownload%2Fsemver-5.7.1.tgz#a954f931aeba508d307bbf069eff0c01c96116f7"
  integrity sha1-qVT5Ma66UI0we78Gnv8MAclhFvc=

sequelize@^3.21.0:
  version "3.35.1"
  resolved "https://registry.npm.taobao.org/sequelize/download/sequelize-3.35.1.tgz?cache=0&sync_timestamp=1594476440336&other_urls=https%3A%2F%2Fregistry.npm.taobao.org%2Fsequelize%2Fdownload%2Fsequelize-3.35.1.tgz#1f4fc124090fec87dba98c6ceae15735f7b8f0db"
  integrity sha1-H0/BJAkP7IfbqYxs6uFXNfe48Ns=
  dependencies:
    bluebird "^3.3.4"
    depd "^1.1.0"
    dottie "^1.0.0"
    generic-pool "2.4.2"
    inflection "^1.6.0"
    lodash "^4.17.10"
    moment "^2.13.0"
    moment-timezone "^0.5.4"
    retry-as-promised "^2.0.0"
    semver "^5.0.1"
    shimmer "1.1.0"
    terraformer-wkt-parser "^1.1.0"
    toposort-class "^1.0.1"
    uuid "^3.0.0"
    validator "^5.2.0"
    wkx "0.2.0"

set-immediate-shim@~1.0.1:
  version "1.0.1"
  resolved "https://registry.npm.taobao.org/set-immediate-shim/download/set-immediate-shim-1.0.1.tgz#4b2b1b27eb808a9f8dcc481a58e5e56f599f3f61"
  integrity sha1-SysbJ+uAip+NzEgaWOXlb1mfP2E=

setimmediate@~1.0.4:
  version "1.0.5"
  resolved "https://registry.npm.taobao.org/setimmediate/download/setimmediate-1.0.5.tgz#290cbb232e306942d7d7ea9b83732ab7856f8285"
  integrity sha1-KQy7Iy4waULX1+qbg3Mqt4VvgoU=

shimmer@1.1.0:
  version "1.1.0"
  resolved "https://registry.npm.taobao.org/shimmer/download/shimmer-1.1.0.tgz#97d7377137ffbbab425522e429fe0aa89a488b35"
  integrity sha1-l9c3cTf/u6tCVSLkKf4KqJpIizU=

sigmund@^1.0.1:
  version "1.0.1"
  resolved "https://registry.npm.taobao.org/sigmund/download/sigmund-1.0.1.tgz?cache=0&other_urls=https%3A%2F%2Fregistry.npm.taobao.org%2Fsigmund%2Fdownload%2Fsigmund-1.0.1.tgz#3ff21f198cad2175f9f3b781853fd94d0d19b590"
  integrity sha1-P/IfGYytIXX587eBhT/ZTQ0ZtZA=

sqlstring@2.3.1:
  version "2.3.1"
  resolved "https://registry.npm.taobao.org/sqlstring/download/sqlstring-2.3.1.tgz?cache=0&sync_timestamp=1587004059195&other_urls=https%3A%2F%2Fregistry.npm.taobao.org%2Fsqlstring%2Fdownload%2Fsqlstring-2.3.1.tgz#475393ff9e91479aea62dcaf0ca3d14983a7fb40"
  integrity sha1-R1OT/56RR5rqYtyvDKPRSYOn+0A=

string_decoder@^1.1.1:
  version "1.3.0"
  resolved "https://registry.npm.taobao.org/string_decoder/download/string_decoder-1.3.0.tgz#42f114594a46cf1a8e30b0a84f56c78c3edac21e"
  integrity sha1-QvEUWUpGzxqOMLCoT1bHjD7awh4=
  dependencies:
    safe-buffer "~5.2.0"

string_decoder@~1.1.1:
  version "1.1.1"
  resolved "https://registry.npm.taobao.org/string_decoder/download/string_decoder-1.1.1.tgz#9cf1611ba62685d7030ae9e4ba34149c3af03fc8"
  integrity sha1-nPFhG6YmhdcDCunkujQUnDrwP8g=
  dependencies:
    safe-buffer "~5.1.0"

tar-stream@^2.1.2:
  version "2.1.3"
  resolved "https://registry.npm.taobao.org/tar-stream/download/tar-stream-2.1.3.tgz?cache=0&sync_timestamp=1594117569989&other_urls=https%3A%2F%2Fregistry.npm.taobao.org%2Ftar-stream%2Fdownload%2Ftar-stream-2.1.3.tgz#1e2022559221b7866161660f118255e20fa79e41"
  integrity sha1-HiAiVZIht4ZhYWYPEYJV4g+nnkE=
  dependencies:
    bl "^4.0.1"
    end-of-stream "^1.4.1"
    fs-constants "^1.0.0"
    inherits "^2.0.3"
    readable-stream "^3.1.1"

terraformer-wkt-parser@^1.1.0:
  version "1.2.1"
  resolved "https://registry.npm.taobao.org/terraformer-wkt-parser/download/terraformer-wkt-parser-1.2.1.tgz#8041e2aeb0c9f2b4cbbec8ec2c5c00c45ddfee02"
  integrity sha1-gEHirrDJ8rTLvsjsLFwAxF3f7gI=
  dependencies:
    "@types/geojson" "^1.0.0"
    terraformer "~1.0.5"

terraformer@~1.0.5:
  version "1.0.12"
  resolved "https://registry.npm.taobao.org/terraformer/download/terraformer-1.0.12.tgz#39e08f9c753606421acce02e122440c72dfa12d3"
  integrity sha1-OeCPnHU2BkIazOAuEiRAxy36EtM=
  optionalDependencies:
    "@types/geojson" "^7946.0.0 || ^1.0.0"

tmp@^0.2.0:
  version "0.2.1"
  resolved "https://registry.npm.taobao.org/tmp/download/tmp-0.2.1.tgz#8457fc3037dcf4719c251367a1af6500ee1ccf14"
  integrity sha1-hFf8MDfc9HGcJRNnoa9lAO4czxQ=
  dependencies:
    rimraf "^3.0.0"

toposort-class@^1.0.1:
  version "1.0.1"
  resolved "https://registry.npm.taobao.org/toposort-class/download/toposort-class-1.0.1.tgz#7ffd1f78c8be28c3ba45cd4e1a3f5ee193bd9988"
  integrity sha1-f/0feMi+KMO6Rc1OGj9e4ZO9mYg=

"traverse@>=0.3.0 <0.4":
  version "0.3.9"
  resolved "https://registry.npm.taobao.org/traverse/download/traverse-0.3.9.tgz#717b8f220cc0bb7b44e40514c22b2e8bbc70d8b9"
  integrity sha1-cXuPIgzAu3tE5AUUwisui7xw2Lk=

unzipper@^0.10.11:
  version "0.10.11"
  resolved "https://registry.npm.taobao.org/unzipper/download/unzipper-0.10.11.tgz#0b4991446472cbdb92ee7403909f26c2419c782e"
  integrity sha1-C0mRRGRyy9uS7nQDkJ8mwkGceC4=
  dependencies:
    big-integer "^1.6.17"
    binary "~0.3.0"
    bluebird "~3.4.1"
    buffer-indexof-polyfill "~1.0.0"
    duplexer2 "~0.1.4"
    fstream "^1.0.12"
    graceful-fs "^4.2.2"
    listenercount "~1.0.1"
    readable-stream "~2.3.6"
    setimmediate "~1.0.4"

util-deprecate@^1.0.1, util-deprecate@~1.0.1:
  version "1.0.2"
  resolved "https://registry.npm.taobao.org/util-deprecate/download/util-deprecate-1.0.2.tgz#450d4dc9fa70de732762fbd2d4a28981419a0ccf"
  integrity sha1-RQ1Nyfpw3nMnYvvS1KKJgUGaDM8=

uuid@^3.0.0, uuid@^3.3.2:
  version "3.4.0"
  resolved "https://registry.npm.taobao.org/uuid/download/uuid-3.4.0.tgz#b23e4358afa8a202fe7a100af1f5f883f02007ee"
  integrity sha1-sj5DWK+oogL+ehAK8fX4g/AgB+4=

uuid@^7.0.3:
  version "7.0.3"
  resolved "https://registry.npm.taobao.org/uuid/download/uuid-7.0.3.tgz?cache=0&sync_timestamp=1595884879134&other_urls=https%3A%2F%2Fregistry.npm.taobao.org%2Fuuid%2Fdownload%2Fuuid-7.0.3.tgz#c5c9f2c8cf25dc0a372c4df1441c41f5bd0c680b"
  integrity sha1-xcnyyM8l3Ao3LE3xRBxB9b0MaAs=

validator@^5.2.0:
  version "5.7.0"
  resolved "https://registry.npm.taobao.org/validator/download/validator-5.7.0.tgz#7a87a58146b695ac486071141c0c49d67da05e5c"
  integrity sha1-eoelgUa2laxIYHEUHAxJ1n2gXlw=

wkx@0.2.0:
  version "0.2.0"
  resolved "https://registry.npm.taobao.org/wkx/download/wkx-0.2.0.tgz#76c24f16acd0cd8f93cd34aa331e0f7961256e84"
  integrity sha1-dsJPFqzQzY+TzTSqMx4PeWElboQ=

wrappy@1:
  version "1.0.2"
  resolved "https://registry.npm.taobao.org/wrappy/download/wrappy-1.0.2.tgz#b5243d8f3ec1aa35f1364605bc0d1036e30ab69f"
  integrity sha1-tSQ9jz7BqjXxNkYFvA0QNuMKtp8=

xmlchars@^2.2.0:
  version "2.2.0"
  resolved "https://registry.npm.taobao.org/xmlchars/download/xmlchars-2.2.0.tgz#060fe1bcb7f9c76fe2a17db86a9bc3ab894210cb"
  integrity sha1-Bg/hvLf5x2/ioX24apvDq4lCEMs=

yallist@^2.1.2:
  version "2.1.2"
  resolved "https://registry.npm.taobao.org/yallist/download/yallist-2.1.2.tgz?cache=0&sync_timestamp=1569874223546&other_urls=https%3A%2F%2Fregistry.npm.taobao.org%2Fyallist%2Fdownload%2Fyallist-2.1.2.tgz#1c11f9218f076089a47dd512f93c6699a6a81d52"
  integrity sha1-HBH5IY8HYImkfdUS+TxmmaaoHVI=

zip-stream@^3.0.1:
  version "3.0.1"
  resolved "https://registry.npm.taobao.org/zip-stream/download/zip-stream-3.0.1.tgz?cache=0&sync_timestamp=1595299284500&other_urls=https%3A%2F%2Fregistry.npm.taobao.org%2Fzip-stream%2Fdownload%2Fzip-stream-3.0.1.tgz#cb8db9d324a76c09f9b76b31a12a48638b0b9708"
  integrity sha1-y4250ySnbAn5t2sxoSpIY4sLlwg=
  dependencies:
    archiver-utils "^2.1.0"
    compress-commons "^3.0.0"
    readable-stream "^3.6.0"
