# THIS IS AN AUTOGENERATED FILE. DO NOT EDIT THIS FILE DIRECTLY.
# yarn lockfile v1


asap@~2.0.6:
  version "2.0.6"
  resolved "https://registry.npm.taobao.org/asap/download/asap-2.0.6.tgz#e50347611d7e690943208bbdafebcbc2fb866d46"

co@^4.6.0:
  version "4.6.0"
  resolved "https://registry.npm.taobao.org/co/download/co-4.6.0.tgz#6ea6bdf3d853ae54ccb8e47bfa0bf3f9031fb184"

promise@^8.1.0:
  version "8.1.0"
  resolved "https://registry.npm.taobao.org/promise/download/promise-8.1.0.tgz?cache=0&sync_timestamp=1583146587218&other_urls=https%3A%2F%2Fregistry.npm.taobao.org%2Fpromise%2Fdownload%2Fpromise-8.1.0.tgz#697c25c3dfe7435dd79fcd58c38a135888eaf05e"
  dependencies:
    asap "~2.0.6"
