{
  "name": "assets",
  "version": "1.0.0",
  "lockfileVersion": 1,
  "requires": true,
  "dependencies": {
    "body-parser": {
      "version": "1.16.0",
      "resolved": "http://registry.npm.taobao.org/body-parser/download/body-parser-1.16.0.tgz",
      "integrity": "sha1-kkpeRyxiKfudabhaINXyUy3seIs="
    },
    "bootstrap": {
      "version": "3.3.7",
      "resolved": "http://registry.npm.taobao.org/bootstrap/download/bootstrap-3.3.7.tgz",
      "integrity": "sha1-WjiTlFSfIzMIdaOxUGVldPip63E="
    },
    "connect-flash": {
      "version": "0.1.1",
      "resolved": "http://registry.npm.taobao.org/connect-flash/download/connect-flash-0.1.1.tgz",
      "integrity": "sha1-2GMPJtlaf4UfmVax6MxnMvO2qjA="
    },
    "cookie-parser": {
      "version": "1.4.3",
      "resolved": "http://registry.npm.taobao.org/cookie-parser/download/cookie-parser-1.4.3.tgz",
      "integrity": "sha1-D+MfoZ0AC5X0qt8fU/3CuKIDuqU="
    },
    "debug": {
      "version": "3.1.0",
      "resolved": "http://registry.npm.taobao.org/debug/download/debug-3.1.0.tgz",
      "integrity": "sha1-W7WgZyYotkFJVmuhaBnmFRjGcmE=",
      "dependencies": {
        "ms": {
          "version": "2.0.0",
          "resolved": "http://registry.npm.taobao.org/ms/download/ms-2.0.0.tgz",
          "integrity": "sha1-VgiurfwAvmwpAd9fmGF4jeDVl8g="
        }
      }
    },
    "ejs": {
      "version": "2.5.7",
      "resolved": "http://registry.npm.taobao.org/ejs/download/ejs-2.5.7.tgz",
      "integrity": "sha1-zIcsFoiArjxxiXYv1f/ACJbJUYo="
    },
    "express": {
      "version": "4.16.2",
      "resolved": "http://registry.npm.taobao.org/express/download/express-4.16.2.tgz",
      "integrity": "sha1-41xt/i1kt9ygpc1PIXgb4ymeB2w=",
      "dependencies": {
        "body-parser": {
          "version": "1.18.2",
          "resolved": "http://registry.npm.taobao.org/body-parser/download/body-parser-1.18.2.tgz",
          "integrity": "sha1-h2eKGdhLR9hZuDGZvVm84iKxBFQ="
        },
        "bytes": {
          "version": "3.0.0",
          "resolved": "http://registry.npm.taobao.org/bytes/download/bytes-3.0.0.tgz",
          "integrity": "sha1-0ygVQE1olpn4Wk6k+odV3ROpYEg="
        },
        "debug": {
          "version": "2.6.9",
          "resolved": "http://registry.npm.taobao.org/debug/download/debug-2.6.9.tgz",
          "integrity": "sha1-XRKFFd8TT/Mn6QpMk/Tgd6U2NB8="
        },
        "http-errors": {
          "version": "1.6.2",
          "resolved": "http://registry.npm.taobao.org/http-errors/download/http-errors-1.6.2.tgz",
          "integrity": "sha1-CgAsyFcHGSp+eUbO7cERVfYOxzY=",
          "dependencies": {
            "setprototypeof": {
              "version": "1.0.3",
              "resolved": "http://registry.npm.taobao.org/setprototypeof/download/setprototypeof-1.0.3.tgz",
              "integrity": "sha1-ZlZ+NwQ+608E2RvWWMDL77VbjgQ="
            }
          }
        },
        "iconv-lite": {
          "version": "0.4.19",
          "resolved": "http://registry.npm.taobao.org/iconv-lite/download/iconv-lite-0.4.19.tgz",
          "integrity": "sha1-90aPYBNfXl2tM5nAqBvpoWA6CCs="
        },
        "ms": {
          "version": "2.0.0",
          "resolved": "http://registry.npm.taobao.org/ms/download/ms-2.0.0.tgz",
          "integrity": "sha1-VgiurfwAvmwpAd9fmGF4jeDVl8g="
        },
        "qs": {
          "version": "6.5.1",
          "resolved": "http://registry.npm.taobao.org/qs/download/qs-6.5.1.tgz",
          "integrity": "sha1-NJzfbu+J7EXBLX1es/wMhwNDptg="
        },
        "raw-body": {
          "version": "2.3.2",
          "resolved": "http://registry.npm.taobao.org/raw-body/download/raw-body-2.3.2.tgz",
          "integrity": "sha1-vNYMd9Prk83gBQKVw/N5OJvIj4k="
        },
        "setprototypeof": {
          "version": "1.1.0",
          "resolved": "http://registry.npm.taobao.org/setprototypeof/download/setprototypeof-1.1.0.tgz",
          "integrity": "sha1-0L2FU2iHtv58DYGMuWLZ2RxU5lY="
        },
        "statuses": {
          "version": "1.3.1",
          "resolved": "http://registry.npm.taobao.org/statuses/download/statuses-1.3.1.tgz",
          "integrity": "sha1-+vUbnrdKrvOzrPStX2Gr8ky3uT4="
        }
      }
    },
    "express-mysql-session": {
      "version": "1.2.3",
      "resolved": "http://registry.npm.taobao.org/express-mysql-session/download/express-mysql-session-1.2.3.tgz",
      "integrity": "sha1-H7OpM5PGw5VTR9eFSZUe4xiF3OU=",
      "dependencies": {
        "underscore": {
          "version": "1.8.3",
          "resolved": "http://registry.npm.taobao.org/underscore/download/underscore-1.8.3.tgz",
          "integrity": "sha1-Tz+1OxBuYJf8+ctBCfKl6b36UCI="
        }
      }
    },
    "express-session": {
      "version": "1.15.6",
      "resolved": "http://registry.npm.taobao.org/express-session/download/express-session-1.15.6.tgz",
      "integrity": "sha1-R7QWDIj0KrcP6KUI4xy/92dXqwo=",
      "dependencies": {
        "debug": {
          "version": "2.6.9",
          "resolved": "http://registry.npm.taobao.org/debug/download/debug-2.6.9.tgz",
          "integrity": "sha1-XRKFFd8TT/Mn6QpMk/Tgd6U2NB8="
        },
        "ms": {
          "version": "2.0.0",
          "resolved": "http://registry.npm.taobao.org/ms/download/ms-2.0.0.tgz",
          "integrity": "sha1-VgiurfwAvmwpAd9fmGF4jeDVl8g="
        }
      }
    },
    "font-awesome": {
      "version": "4.7.0",
      "resolved": "http://registry.npm.taobao.org/font-awesome/download/font-awesome-4.7.0.tgz",
      "integrity": "sha1-j6jPBBGhoxr9B7BtKQK7n8gVoTM="
    },
    "imageviewer": {
      "version": "0.6.0",
      "resolved": "https://registry.npmjs.org/imageviewer/-/imageviewer-0.6.0.tgz",
      "integrity": "sha512-/3BNoaz9arwRWuWzmlg1mEoCyQDqwM7dIPcfCSa4hZ49ej7FsMXpCIlZjlOMmlSHPWXrpMsEJBMvnVd4BgSlkw=="
    },
    "is-json": {
      "version": "2.0.1",
      "resolved": "http://registry.npm.taobao.org/is-json/download/is-json-2.0.1.tgz",
      "integrity": "sha1-a+Fm0USCihMdaGiRuYPfYsOUkf8="
    },
    "jquery": {
      "version": "3.2.1",
      "resolved": "http://registry.npm.taobao.org/jquery/download/jquery-3.2.1.tgz",
      "integrity": "sha1-XE2d5lKvbNCncBVKYxu6ErAVx4c="
    },
    "json5": {
      "version": "2.2.2",
      "resolved": "https://registry.npmjs.org/json5/-/json5-2.2.2.tgz",
      "integrity": "sha512-46Tk9JiOL2z7ytNQWFLpj99RZkVgeHf87yGQKsIkaPz1qSH9UczKH1rO7K3wgRselo0tYMUNfecYpm/p1vC7tQ=="
    },
    "kafka-node": {
      "version": "2.4.1",
      "resolved": "http://registry.npm.taobao.org/kafka-node/download/kafka-node-2.4.1.tgz",
      "integrity": "sha1-RJ5aaXw89OXzv2wQN0AXwI3K8Zs=",
      "dependencies": {
        "async": {
          "version": "2.6.0",
          "resolved": "http://registry.npm.taobao.org/async/download/async-2.6.0.tgz",
          "integrity": "sha1-YaKau2/MAm/qd+VtHG7FOnlZUfQ="
        },
        "bl": {
          "version": "1.2.1",
          "resolved": "http://registry.npm.taobao.org/bl/download/bl-1.2.1.tgz",
          "integrity": "sha1-ysMo977kVzDUBLaSID/LWQ4XLV4="
        },
        "debug": {
          "version": "2.6.9",
          "resolved": "http://registry.npm.taobao.org/debug/download/debug-2.6.9.tgz",
          "integrity": "sha1-XRKFFd8TT/Mn6QpMk/Tgd6U2NB8="
        },
        "isarray": {
          "version": "1.0.0",
          "resolved": "http://registry.npm.taobao.org/isarray/download/isarray-1.0.0.tgz",
          "integrity": "sha1-u5NdSFgsuhaMBoNJV6VKPgcSTxE="
        },
        "process-nextick-args": {
          "version": "2.0.0",
          "resolved": "http://registry.npm.taobao.org/process-nextick-args/download/process-nextick-args-2.0.0.tgz",
          "integrity": "sha1-o31zL0JxtKsa0HDTVQjoKQeI/6o="
        },
        "readable-stream": {
          "version": "2.3.4",
          "resolved": "http://registry.npm.taobao.org/readable-stream/download/readable-stream-2.3.4.tgz",
          "integrity": "sha1-yUbD9H+n2Oq8C2FQ9KEvaaRXQHE="
        },
        "string_decoder": {
          "version": "1.0.3",
          "resolved": "http://registry.npm.taobao.org/string_decoder/download/string_decoder-1.0.3.tgz",
          "integrity": "sha1-D8Z9fBQYJd6UKC3VNr7GubzoYKs="
        }
      }
    },
    "lodash": {
      "version": "4.17.4",
      "resolved": "http://registry.npm.taobao.org/lodash/download/lodash-4.17.4.tgz",
      "integrity": "sha1-eCA6TRwyiuHYbcpkYONptX9AVa4="
    },
    "log4js": {
      "version": "2.4.1",
      "resolved": "http://registry.npm.taobao.org/log4js/download/log4js-2.4.1.tgz",
      "integrity": "sha1-sMTogTPg4wVq/cb5H383dXYVh3g="
    },
    "material-dashboard": {
      "version": "1.0.0",
      "resolved": "http://registry.npm.taobao.org/material-dashboard/download/material-dashboard-1.0.0.tgz",
      "integrity": "sha1-qnwgVP58guuDIscqZ9A2VeW4tos="
    },
    "moment": {
      "version": "2.20.1",
      "resolved": "http://registry.npm.taobao.org/moment/download/moment-2.20.1.tgz",
      "integrity": "sha1-1usaRsvMFKKy+UNBEsH/iQfzE/0="
    },
    "morgan": {
      "version": "1.9.0",
      "resolved": "http://registry.npm.taobao.org/morgan/download/morgan-1.9.0.tgz",
      "integrity": "sha1-0B+mxlhZt2/PMbPLU6OCGjEdgFE=",
      "dependencies": {
        "debug": {
          "version": "2.6.9",
          "resolved": "http://registry.npm.taobao.org/debug/download/debug-2.6.9.tgz",
          "integrity": "sha1-XRKFFd8TT/Mn6QpMk/Tgd6U2NB8="
        },
        "ms": {
          "version": "2.0.0",
          "resolved": "http://registry.npm.taobao.org/ms/download/ms-2.0.0.tgz",
          "integrity": "sha1-VgiurfwAvmwpAd9fmGF4jeDVl8g="
        }
      }
    },
    "multer": {
      "version": "1.3.0",
      "resolved": "http://registry.npm.taobao.org/multer/download/multer-1.3.0.tgz",
      "integrity": "sha1-CSsmcPaEb6SRSWXvyM+Uwg/sbNI="
    },
    "mysql": {
      "version": "2.15.0",
      "resolved": "http://registry.npm.taobao.org/mysql/download/mysql-2.15.0.tgz",
      "integrity": "sha1-6haEEVY0Po8uR/yJhexBzdlXO1w=",
      "dependencies": {
        "isarray": {
          "version": "1.0.0",
          "resolved": "http://registry.npm.taobao.org/isarray/download/isarray-1.0.0.tgz",
          "integrity": "sha1-u5NdSFgsuhaMBoNJV6VKPgcSTxE="
        },
        "readable-stream": {
          "version": "2.3.3",
          "resolved": "http://registry.npm.taobao.org/readable-stream/download/readable-stream-2.3.3.tgz",
          "integrity": "sha1-No8lEtefnUb9/HE0mueHi7weuVw="
        },
        "string_decoder": {
          "version": "1.0.3",
          "resolved": "http://registry.npm.taobao.org/string_decoder/download/string_decoder-1.0.3.tgz",
          "integrity": "sha1-D8Z9fBQYJd6UKC3VNr7GubzoYKs="
        }
      }
    },
    "mysql2": {
      "version": "1.5.2",
      "resolved": "http://registry.npm.taobao.org/mysql2/download/mysql2-1.5.2.tgz",
      "integrity": "sha1-5OBzg5uxCXJmmyQOx3Bh1/9Vz1k=",
      "dependencies": {
        "iconv-lite": {
          "version": "0.4.19",
          "resolved": "http://registry.npm.taobao.org/iconv-lite/download/iconv-lite-0.4.19.tgz",
          "integrity": "sha1-90aPYBNfXl2tM5nAqBvpoWA6CCs="
        },
        "isarray": {
          "version": "1.0.0",
          "resolved": "http://registry.npm.taobao.org/isarray/download/isarray-1.0.0.tgz",
          "integrity": "sha1-u5NdSFgsuhaMBoNJV6VKPgcSTxE="
        },
        "long": {
          "version": "4.0.0",
          "resolved": "http://registry.npm.taobao.org/long/download/long-4.0.0.tgz",
          "integrity": "sha1-mntxz7fTYaGU6lVSQckvdGjVvyg="
        },
        "lru-cache": {
          "version": "4.1.1",
          "resolved": "http://registry.npm.taobao.org/lru-cache/download/lru-cache-4.1.1.tgz",
          "integrity": "sha1-Yi4y6CSItJJ5EUpPns9F581rulU="
        },
        "object-assign": {
          "version": "4.1.1",
          "resolved": "http://registry.npm.taobao.org/object-assign/download/object-assign-4.1.1.tgz",
          "integrity": "sha1-IQmtx5ZYh8/AXLvUQsrIv7s2CGM="
        },
        "readable-stream": {
          "version": "2.3.2",
          "resolved": "http://registry.npm.taobao.org/readable-stream/download/readable-stream-2.3.2.tgz",
          "integrity": "sha1-WgTfBeT1f+Pw3Gj90R3FyXx+b00="
        },
        "string_decoder": {
          "version": "1.0.3",
          "resolved": "http://registry.npm.taobao.org/string_decoder/download/string_decoder-1.0.3.tgz",
          "integrity": "sha1-D8Z9fBQYJd6UKC3VNr7GubzoYKs="
        }
      }
    },
    "node-schedule": {
      "version": "1.3.0",
      "resolved": "https://registry.npmjs.org/node-schedule/-/node-schedule-1.3.0.tgz",
      "integrity": "sha512-NNwO9SUPjBwFmPh3vXiPVEhJLn4uqYmZYvJV358SRGM06BR4UoIqxJpeJwDDXB6atULsgQA97MfD1zMd5xsu+A=="
    },
    "node-xlsx": {
      "version": "0.11.2",
      "resolved": "http://registry.npm.taobao.org/node-xlsx/download/node-xlsx-0.11.2.tgz",
      "integrity": "sha1-C7A85hvprcCxhtVcSw+EBP4yGq4="
    },
    "paper-dashboard": {
      "version": "1.1.0",
      "resolved": "http://registry.npm.taobao.org/paper-dashboard/download/paper-dashboard-1.1.0.tgz",
      "integrity": "sha1-bB9C6xpCSF5ckNzyZR92zegFs4w="
    },
    "request": {
      "version": "2.83.0",
      "resolved": "http://registry.npm.taobao.org/request/download/request-2.83.0.tgz",
      "integrity": "sha1-ygtl2gLtYpNYh4COb1EDgQNOM1Y=",
      "dependencies": {
        "qs": {
          "version": "6.5.1",
          "resolved": "http://registry.npm.taobao.org/qs/download/qs-6.5.1.tgz",
          "integrity": "sha1-NJzfbu+J7EXBLX1es/wMhwNDptg="
        }
      }
    },
    "sequelize": {
      "version": "4.33.3",
      "resolved": "http://registry.npm.taobao.org/sequelize/download/sequelize-4.33.3.tgz",
      "integrity": "sha1-6Ii3FQBCMgB/ntYNEiPmQWa5tOQ=",
      "dependencies": {
        "semver": {
          "version": "5.5.0",
          "resolved": "http://registry.npm.taobao.org/semver/download/semver-5.5.0.tgz",
          "integrity": "sha1-3Eu8emyp2Rbe5dQ1FvAJK1j3uKs="
        }
      }
    },
    "uuid": {
      "version": "3.2.1",
      "resolved": "http://registry.npm.taobao.org/uuid/download/uuid-3.2.1.tgz",
      "integrity": "sha1-EsUou51Y0LkmXZovbw/ovhf/HxQ="
    }
  }
}
